
Microsoft Visual Studio Solution File, Format Version 12.00
# Visual Studio 14
VisualStudioVersion = 14.0.25420.1
MinimumVisualStudioVersion = 10.0.40219.1
Project("{FAE04EC0-301F-11D3-BF4B-00C04F79EFBC}") = "MessageHubClient", "MessageHub\MessageHubClient.csproj", "{D7FC368C-8ADE-4B1C-94C3-53F33F0144DD}"
EndProject
Project("{FAE04EC0-301F-11D3-BF4B-00C04F79EFBC}") = "LaneSimulator", "LaneSimulator\LaneSimulator.csproj", "{E7F58F14-381B-43D7-8BDE-490DB87D98BD}"
EndProject
Project("{FAE04EC0-301F-11D3-BF4B-00C04F79EFBC}") = "Template", "Template\Template.csproj", "{0633BC59-49F8-4355-B5C1-544E930A52F7}"
EndProject
Project("{FAE04EC0-301F-11D3-BF4B-00C04F79EFBC}") = "CommandExecutor", "CommandExecutor\CommandExecutor.csproj", "{790B3AEB-1A6D-42B2-A74F-84E7BC75627F}"
EndProject
Global
	GlobalSection(SolutionConfigurationPlatforms) = preSolution
		Debug|Any CPU = Debug|Any CPU
		Release|Any CPU = Release|Any CPU
	EndGlobalSection
	GlobalSection(ProjectConfigurationPlatforms) = postSolution
		{D7FC368C-8ADE-4B1C-94C3-53F33F0144DD}.Debug|Any CPU.ActiveCfg = Debug|Any CPU
		{D7FC368C-8ADE-4B1C-94C3-53F33F0144DD}.Debug|Any CPU.Build.0 = Debug|Any CPU
		{D7FC368C-8ADE-4B1C-94C3-53F33F0144DD}.Release|Any CPU.ActiveCfg = Release|Any CPU
		{D7FC368C-8ADE-4B1C-94C3-53F33F0144DD}.Release|Any CPU.Build.0 = Release|Any CPU
		{E7F58F14-381B-43D7-8BDE-490DB87D98BD}.Debug|Any CPU.ActiveCfg = Debug|Any CPU
		{E7F58F14-381B-43D7-8BDE-490DB87D98BD}.Debug|Any CPU.Build.0 = Debug|Any CPU
		{E7F58F14-381B-43D7-8BDE-490DB87D98BD}.Release|Any CPU.ActiveCfg = Release|Any CPU
		{E7F58F14-381B-43D7-8BDE-490DB87D98BD}.Release|Any CPU.Build.0 = Release|Any CPU
		{0633BC59-49F8-4355-B5C1-544E930A52F7}.Debug|Any CPU.ActiveCfg = Debug|Any CPU
		{0633BC59-49F8-4355-B5C1-544E930A52F7}.Debug|Any CPU.Build.0 = Debug|Any CPU
		{0633BC59-49F8-4355-B5C1-544E930A52F7}.Release|Any CPU.ActiveCfg = Release|Any CPU
		{0633BC59-49F8-4355-B5C1-544E930A52F7}.Release|Any CPU.Build.0 = Release|Any CPU
		{790B3AEB-1A6D-42B2-A74F-84E7BC75627F}.Debug|Any CPU.ActiveCfg = Debug|Any CPU
		{790B3AEB-1A6D-42B2-A74F-84E7BC75627F}.Debug|Any CPU.Build.0 = Debug|Any CPU
		{790B3AEB-1A6D-42B2-A74F-84E7BC75627F}.Release|Any CPU.ActiveCfg = Release|Any CPU
		{790B3AEB-1A6D-42B2-A74F-84E7BC75627F}.Release|Any CPU.Build.0 = Release|Any CPU
	EndGlobalSection
	GlobalSection(SolutionProperties) = preSolution
		HideSolutionNode = FALSE
	EndGlobalSection
EndGlobal
